
Microsoft Visual Studio Solution File, Format Version 12.00
# Visual Studio Version 17
VisualStudioVersion = 17.14.36310.24
MinimumVisualStudioVersion = 10.0.40219.1
Project("{FAE04EC0-301F-11D3-BF4B-00C04F79EFBC}") = "FirstClassLibrary", "FirstClassLibrary\FirstClassLibrary.csproj", "{0A60E73B-1AA2-44C2-9415-3BABA60858D1}"
EndProject
Global
	GlobalSection(SolutionConfigurationPlatforms) = preSolution
		Debug|Any CPU = Debug|Any CPU
		Release|Any CPU = Release|Any CPU
	EndGlobalSection
	GlobalSection(ProjectConfigurationPlatforms) = postSolution
		{0A60E73B-1AA2-44C2-9415-3BABA60858D1}.Debug|Any CPU.ActiveCfg = Debug|Any CPU
		{0A60E73B-1AA2-44C2-9415-3BABA60858D1}.Debug|Any CPU.Build.0 = Debug|Any CPU
		{0A60E73B-1AA2-44C2-9415-3BABA60858D1}.Release|Any CPU.ActiveCfg = Release|Any CPU
		{0A60E73B-1AA2-44C2-9415-3BABA60858D1}.Release|Any CPU.Build.0 = Release|Any CPU
	EndGlobalSection
	GlobalSection(SolutionProperties) = preSolution
		HideSolutionNode = FALSE
	EndGlobalSection
	GlobalSection(ExtensibilityGlobals) = postSolution
		SolutionGuid = {526B7FC8-6FE7-433B-BC72-CA6935D60495}
	EndGlobalSection
EndGlobal
